// !$*UTF8*$!
{
	archiveVersion = 1;
	classes = {
	};
	objectVersion = 46;
	objects = {

/* Begin PBXBuildFile section */
		E73857DE1A68EB20003D864D /* main.m in Sources */ = {isa = PBXBuildFile; fileRef = E73857DD1A68EB20003D864D /* main.m */; };
		E73857E11A68EB20003D864D /* AppDelegate.m in Sources */ = {isa = PBXBuildFile; fileRef = E73857E01A68EB20003D864D /* AppDelegate.m */; };
		E73857E41A68EB20003D864D /* ViewController.m in Sources */ = {isa = PBXBuildFile; fileRef = E73857E31A68EB20003D864D /* ViewController.m */; };
		E73857E71A68EB20003D864D /* Main.storyboard in Resources */ = {isa = PBXBuildFile; fileRef = E73857E51A68EB20003D864D /* Main.storyboard */; };
		E73857E91A68EB20003D864D /* Images.xcassets in Resources */ = {isa = PBXBuildFile; fileRef = E73857E81A68EB20003D864D /* Images.xcassets */; };
		E73857EC1A68EB20003D864D /* LaunchScreen.xib in Resources */ = {isa = PBXBuildFile; fileRef = E73857EA1A68EB20003D864D /* LaunchScreen.xib */; };
		E73857F81A68EB20003D864D /* ChatInputToolBarTests.m in Sources */ = {isa = PBXBuildFile; fileRef = E73857F71A68EB20003D864D /* ChatInputToolBarTests.m */; };
		E738580D1A690600003D864D /* ChatInputTextView.m in Sources */ = {isa = PBXBuildFile; fileRef = E738580A1A690600003D864D /* ChatInputTextView.m */; };
		E738580E1A690600003D864D /* LTZInputToolBar.m in Sources */ = {isa = PBXBuildFile; fileRef = E738580C1A690600003D864D /* LTZInputToolBar.m */; };
		E7D92EA81A78C16900CE2608 /* HPGrowingTextView.m in Sources */ = {isa = PBXBuildFile; fileRef = E7D92EA71A78C16900CE2608 /* HPGrowingTextView.m */; };
		E7D92EAC1A78C17500CE2608 /* HPTextViewInternal.m in Sources */ = {isa = PBXBuildFile; fileRef = E7D92EAB1A78C17500CE2608 /* HPTextViewInternal.m */; };
		E7D92EAF1A78D29200CE2608 /* LTZKeyboardController.m in Sources */ = {isa = PBXBuildFile; fileRef = E7D92EAE1A78D29200CE2608 /* LTZKeyboardController.m */; };
		E7D92EC61A7A3CF900CE2608 /* chat_record_bg@2x.png in Resources */ = {isa = PBXBuildFile; fileRef = E7D92EBB1A7A3CF900CE2608 /* chat_record_bg@2x.png */; };
		E7D92EC71A7A3CF900CE2608 /* chat_record_selected_bg@2x.png in Resources */ = {isa = PBXBuildFile; fileRef = E7D92EBC1A7A3CF900CE2608 /* chat_record_selected_bg@2x.png */; };
		E7D92EC81A7A3CF900CE2608 /* chat_input_action_button@2x.png in Resources */ = {isa = PBXBuildFile; fileRef = E7D92EBD1A7A3CF900CE2608 /* chat_input_action_button@2x.png */; };
		E7D92EC91A7A3CF900CE2608 /* chat_input_action_button@3x.png in Resources */ = {isa = PBXBuildFile; fileRef = E7D92EBE1A7A3CF900CE2608 /* chat_input_action_button@3x.png */; };
		E7D92ECA1A7A3CF900CE2608 /* chat_input_bg@2x.png in Resources */ = {isa = PBXBuildFile; fileRef = E7D92EBF1A7A3CF900CE2608 /* chat_input_bg@2x.png */; };
		E7D92ECB1A7A3CF900CE2608 /* chat_input_emo_button@2x.png in Resources */ = {isa = PBXBuildFile; fileRef = E7D92EC01A7A3CF900CE2608 /* chat_input_emo_button@2x.png */; };
		E7D92ECC1A7A3CF900CE2608 /* chat_input_emo_button@3x.png in Resources */ = {isa = PBXBuildFile; fileRef = E7D92EC11A7A3CF900CE2608 /* chat_input_emo_button@3x.png */; };
		E7D92ECD1A7A3CF900CE2608 /* chat_input_keyboard_button@2x.png in Resources */ = {isa = PBXBuildFile; fileRef = E7D92EC21A7A3CF900CE2608 /* chat_input_keyboard_button@2x.png */; };
		E7D92ECE1A7A3CF900CE2608 /* chat_input_keyboard_button@3x.png in Resources */ = {isa = PBXBuildFile; fileRef = E7D92EC31A7A3CF900CE2608 /* chat_input_keyboard_button@3x.png */; };
		E7D92ECF1A7A3CF900CE2608 /* chat_input_voice_button@2x.png in Resources */ = {isa = PBXBuildFile; fileRef = E7D92EC41A7A3CF900CE2608 /* chat_input_voice_button@2x.png */; };
		E7D92ED01A7A3CF900CE2608 /* chat_input_voice_button@3x.png in Resources */ = {isa = PBXBuildFile; fileRef = E7D92EC51A7A3CF900CE2608 /* chat_input_voice_button@3x.png */; };
		E7D92F191A7F5D2400CE2608 /* LTZExpressionInputView.m in Sources */ = {isa = PBXBuildFile; fileRef = E7D92F181A7F5D2400CE2608 /* LTZExpressionInputView.m */; };
		E7D92F1C1A7F5D6000CE2608 /* LTZMoreInputView.m in Sources */ = {isa = PBXBuildFile; fileRef = E7D92F1B1A7F5D6000CE2608 /* LTZMoreInputView.m */; };
		E7D92F1E1A7F650A00CE2608 /* chat_more_bg@2x.png in Resources */ = {isa = PBXBuildFile; fileRef = E7D92F1D1A7F650A00CE2608 /* chat_more_bg@2x.png */; };
/* End PBXBuildFile section */

/* Begin PBXContainerItemProxy section */
		E73857F21A68EB20003D864D /* PBXContainerItemProxy */ = {
			isa = PBXContainerItemProxy;
			containerPortal = E73857D01A68EB20003D864D /* Project object */;
			proxyType = 1;
			remoteGlobalIDString = E73857D71A68EB20003D864D;
			remoteInfo = ChatInputToolBar;
		};
/* End PBXContainerItemProxy section */

/* Begin PBXFileReference section */
		E73857D81A68EB20003D864D /* ChatInputToolBar.app */ = {isa = PBXFileReference; explicitFileType = wrapper.application; includeInIndex = 0; path = ChatInputToolBar.app; sourceTree = BUILT_PRODUCTS_DIR; };
		E73857DC1A68EB20003D864D /* Info.plist */ = {isa = PBXFileReference; lastKnownFileType = text.plist.xml; path = Info.plist; sourceTree = "<group>"; };
		E73857DD1A68EB20003D864D /* main.m */ = {isa = PBXFileReference; lastKnownFileType = sourcecode.c.objc; path = main.m; sourceTree = "<group>"; };
		E73857DF1A68EB20003D864D /* AppDelegate.h */ = {isa = PBXFileReference; lastKnownFileType = sourcecode.c.h; path = AppDelegate.h; sourceTree = "<group>"; };
		E73857E01A68EB20003D864D /* AppDelegate.m */ = {isa = PBXFileReference; lastKnownFileType = sourcecode.c.objc; path = AppDelegate.m; sourceTree = "<group>"; };
		E73857E21A68EB20003D864D /* ViewController.h */ = {isa = PBXFileReference; lastKnownFileType = sourcecode.c.h; path = ViewController.h; sourceTree = "<group>"; };
		E73857E31A68EB20003D864D /* ViewController.m */ = {isa = PBXFileReference; lastKnownFileType = sourcecode.c.objc; path = ViewController.m; sourceTree = "<group>"; };
		E73857E61A68EB20003D864D /* Base */ = {isa = PBXFileReference; lastKnownFileType = file.storyboard; name = Base; path = Base.lproj/Main.storyboard; sourceTree = "<group>"; };
		E73857E81A68EB20003D864D /* Images.xcassets */ = {isa = PBXFileReference; lastKnownFileType = folder.assetcatalog; path = Images.xcassets; sourceTree = "<group>"; };
		E73857EB1A68EB20003D864D /* Base */ = {isa = PBXFileReference; lastKnownFileType = file.xib; name = Base; path = Base.lproj/LaunchScreen.xib; sourceTree = "<group>"; };
		E73857F11A68EB20003D864D /* ChatInputToolBarTests.xctest */ = {isa = PBXFileReference; explicitFileType = wrapper.cfbundle; includeInIndex = 0; path = ChatInputToolBarTests.xctest; sourceTree = BUILT_PRODUCTS_DIR; };
		E73857F61A68EB20003D864D /* Info.plist */ = {isa = PBXFileReference; lastKnownFileType = text.plist.xml; path = Info.plist; sourceTree = "<group>"; };
		E73857F71A68EB20003D864D /* ChatInputToolBarTests.m */ = {isa = PBXFileReference; lastKnownFileType = sourcecode.c.objc; path = ChatInputToolBarTests.m; sourceTree = "<group>"; };
		E73858091A690600003D864D /* ChatInputTextView.h */ = {isa = PBXFileReference; fileEncoding = 4; lastKnownFileType = sourcecode.c.h; path = ChatInputTextView.h; sourceTree = "<group>"; };
		E738580A1A690600003D864D /* ChatInputTextView.m */ = {isa = PBXFileReference; fileEncoding = 4; lastKnownFileType = sourcecode.c.objc; path = ChatInputTextView.m; sourceTree = "<group>"; };
		E738580B1A690600003D864D /* LTZInputToolBar.h */ = {isa = PBXFileReference; fileEncoding = 4; lastKnownFileType = sourcecode.c.h; path = LTZInputToolBar.h; sourceTree = "<group>"; };
		E738580C1A690600003D864D /* LTZInputToolBar.m */ = {isa = PBXFileReference; fileEncoding = 4; lastKnownFileType = sourcecode.c.objc; path = LTZInputToolBar.m; sourceTree = "<group>"; };
		E7D92EA71A78C16900CE2608 /* HPGrowingTextView.m */ = {isa = PBXFileReference; fileEncoding = 4; lastKnownFileType = sourcecode.c.objc; path = HPGrowingTextView.m; sourceTree = "<group>"; };
		E7D92EA91A78C17500CE2608 /* HPGrowingTextView.h */ = {isa = PBXFileReference; fileEncoding = 4; lastKnownFileType = sourcecode.c.h; path = HPGrowingTextView.h; sourceTree = "<group>"; };
		E7D92EAA1A78C17500CE2608 /* HPTextViewInternal.h */ = {isa = PBXFileReference; fileEncoding = 4; lastKnownFileType = sourcecode.c.h; path = HPTextViewInternal.h; sourceTree = "<group>"; };
		E7D92EAB1A78C17500CE2608 /* HPTextViewInternal.m */ = {isa = PBXFileReference; fileEncoding = 4; lastKnownFileType = sourcecode.c.objc; path = HPTextViewInternal.m; sourceTree = "<group>"; };
		E7D92EAD1A78D29200CE2608 /* LTZKeyboardController.h */ = {isa = PBXFileReference; fileEncoding = 4; lastKnownFileType = sourcecode.c.h; path = LTZKeyboardController.h; sourceTree = "<group>"; };
		E7D92EAE1A78D29200CE2608 /* LTZKeyboardController.m */ = {isa = PBXFileReference; fileEncoding = 4; lastKnownFileType = sourcecode.c.objc; path = LTZKeyboardController.m; sourceTree = "<group>"; };
		E7D92EBB1A7A3CF900CE2608 /* chat_record_bg@2x.png */ = {isa = PBXFileReference; lastKnownFileType = image.png; path = "chat_record_bg@2x.png"; sourceTree = "<group>"; };
		E7D92EBC1A7A3CF900CE2608 /* chat_record_selected_bg@2x.png */ = {isa = PBXFileReference; lastKnownFileType = image.png; path = "chat_record_selected_bg@2x.png"; sourceTree = "<group>"; };
		E7D92EBD1A7A3CF900CE2608 /* chat_input_action_button@2x.png */ = {isa = PBXFileReference; lastKnownFileType = image.png; path = "chat_input_action_button@2x.png"; sourceTree = "<group>"; };
		E7D92EBE1A7A3CF900CE2608 /* chat_input_action_button@3x.png */ = {isa = PBXFileReference; lastKnownFileType = image.png; path = "chat_input_action_button@3x.png"; sourceTree = "<group>"; };
		E7D92EBF1A7A3CF900CE2608 /* chat_input_bg@2x.png */ = {isa = PBXFileReference; lastKnownFileType = image.png; path = "chat_input_bg@2x.png"; sourceTree = "<group>"; };
		E7D92EC01A7A3CF900CE2608 /* chat_input_emo_button@2x.png */ = {isa = PBXFileReference; lastKnownFileType = image.png; path = "chat_input_emo_button@2x.png"; sourceTree = "<group>"; };
		E7D92EC11A7A3CF900CE2608 /* chat_input_emo_button@3x.png */ = {isa = PBXFileReference; lastKnownFileType = image.png; path = "chat_input_emo_button@3x.png"; sourceTree = "<group>"; };
		E7D92EC21A7A3CF900CE2608 /* chat_input_keyboard_button@2x.png */ = {isa = PBXFileReference; lastKnownFileType = image.png; path = "chat_input_keyboard_button@2x.png"; sourceTree = "<group>"; };
		E7D92EC31A7A3CF900CE2608 /* chat_input_keyboard_button@3x.png */ = {isa = PBXFileReference; lastKnownFileType = image.png; path = "chat_input_keyboard_button@3x.png"; sourceTree = "<group>"; };
		E7D92EC41A7A3CF900CE2608 /* chat_input_voice_button@2x.png */ = {isa = PBXFileReference; lastKnownFileType = image.png; path = "chat_input_voice_button@2x.png"; sourceTree = "<group>"; };
		E7D92EC51A7A3CF900CE2608 /* chat_input_voice_button@3x.png */ = {isa = PBXFileReference; lastKnownFileType = image.png; path = "chat_input_voice_button@3x.png"; sourceTree = "<group>"; };
		E7D92F161A7F4AAA00CE2608 /* LTZInputToolBarDelegate.h */ = {isa = PBXFileReference; fileEncoding = 4; lastKnownFileType = sourcecode.c.h; path = LTZInputToolBarDelegate.h; sourceTree = "<group>"; };
		E7D92F171A7F5D2400CE2608 /* LTZExpressionInputView.h */ = {isa = PBXFileReference; fileEncoding = 4; lastKnownFileType = sourcecode.c.h; path = LTZExpressionInputView.h; sourceTree = "<group>"; };
		E7D92F181A7F5D2400CE2608 /* LTZExpressionInputView.m */ = {isa = PBXFileReference; fileEncoding = 4; lastKnownFileType = sourcecode.c.objc; path = LTZExpressionInputView.m; sourceTree = "<group>"; };
		E7D92F1A1A7F5D6000CE2608 /* LTZMoreInputView.h */ = {isa = PBXFileReference; fileEncoding = 4; lastKnownFileType = sourcecode.c.h; path = LTZMoreInputView.h; sourceTree = "<group>"; };
		E7D92F1B1A7F5D6000CE2608 /* LTZMoreInputView.m */ = {isa = PBXFileReference; fileEncoding = 4; lastKnownFileType = sourcecode.c.objc; path = LTZMoreInputView.m; sourceTree = "<group>"; };
		E7D92F1D1A7F650A00CE2608 /* chat_more_bg@2x.png */ = {isa = PBXFileReference; lastKnownFileType = image.png; path = "chat_more_bg@2x.png"; sourceTree = "<group>"; };
/* End PBXFileReference section */

/* Begin PBXFrameworksBuildPhase section */
		E73857D51A68EB20003D864D /* Frameworks */ = {
			isa = PBXFrameworksBuildPhase;
			buildActionMask = 2147483647;
			files = (
			);
			runOnlyForDeploymentPostprocessing = 0;
		};
		E73857EE1A68EB20003D864D /* Frameworks */ = {
			isa = PBXFrameworksBuildPhase;
			buildActionMask = 2147483647;
			files = (
			);
			runOnlyForDeploymentPostprocessing = 0;
		};
/* End PBXFrameworksBuildPhase section */

/* Begin PBXGroup section */
		E73857CF1A68EB20003D864D = {
			isa = PBXGroup;
			children = (
				E73857DA1A68EB20003D864D /* ChatInputToolBar */,
				E73857F41A68EB20003D864D /* ChatInputToolBarTests */,
				E73857D91A68EB20003D864D /* Products */,
			);
			sourceTree = "<group>";
		};
		E73857D91A68EB20003D864D /* Products */ = {
			isa = PBXGroup;
			children = (
				E73857D81A68EB20003D864D /* ChatInputToolBar.app */,
				E73857F11A68EB20003D864D /* ChatInputToolBarTests.xctest */,
			);
			name = Products;
			sourceTree = "<group>";
		};
		E73857DA1A68EB20003D864D /* ChatInputToolBar */ = {
			isa = PBXGroup;
			children = (
				E7D92EB31A7A257700CE2608 /* images */,
				E73858081A690600003D864D /* class */,
				E73857DF1A68EB20003D864D /* AppDelegate.h */,
				E73857E01A68EB20003D864D /* AppDelegate.m */,
				E73857E21A68EB20003D864D /* ViewController.h */,
				E73857E31A68EB20003D864D /* ViewController.m */,
				E73857E51A68EB20003D864D /* Main.storyboard */,
				E73857E81A68EB20003D864D /* Images.xcassets */,
				E73857EA1A68EB20003D864D /* LaunchScreen.xib */,
				E73857DB1A68EB20003D864D /* Supporting Files */,
			);
			path = ChatInputToolBar;
			sourceTree = "<group>";
		};
		E73857DB1A68EB20003D864D /* Supporting Files */ = {
			isa = PBXGroup;
			children = (
				E73857DC1A68EB20003D864D /* Info.plist */,
				E73857DD1A68EB20003D864D /* main.m */,
			);
			name = "Supporting Files";
			sourceTree = "<group>";
		};
		E73857F41A68EB20003D864D /* ChatInputToolBarTests */ = {
			isa = PBXGroup;
			children = (
				E73857F71A68EB20003D864D /* ChatInputToolBarTests.m */,
				E73857F51A68EB20003D864D /* Supporting Files */,
			);
			path = ChatInputToolBarTests;
			sourceTree = "<group>";
		};
		E73857F51A68EB20003D864D /* Supporting Files */ = {
			isa = PBXGroup;
			children = (
				E73857F61A68EB20003D864D /* Info.plist */,
			);
			name = "Supporting Files";
			sourceTree = "<group>";
		};
		E73858081A690600003D864D /* class */ = {
			isa = PBXGroup;
			children = (
				E7D92EAD1A78D29200CE2608 /* LTZKeyboardController.h */,
				E7D92EAE1A78D29200CE2608 /* LTZKeyboardController.m */,
				E7D92EA01A78C12A00CE2608 /* HPGrowingTextView */,
				E73858091A690600003D864D /* ChatInputTextView.h */,
				E738580A1A690600003D864D /* ChatInputTextView.m */,
				E738580B1A690600003D864D /* LTZInputToolBar.h */,
				E738580C1A690600003D864D /* LTZInputToolBar.m */,
				E7D92F161A7F4AAA00CE2608 /* LTZInputToolBarDelegate.h */,
				E7D92F171A7F5D2400CE2608 /* LTZExpressionInputView.h */,
				E7D92F181A7F5D2400CE2608 /* LTZExpressionInputView.m */,
				E7D92F1A1A7F5D6000CE2608 /* LTZMoreInputView.h */,
				E7D92F1B1A7F5D6000CE2608 /* LTZMoreInputView.m */,
			);
			path = class;
			sourceTree = "<group>";
		};
		E7D92EA01A78C12A00CE2608 /* HPGrowingTextView */ = {
			isa = PBXGroup;
			children = (
				E7D92EAA1A78C17500CE2608 /* HPTextViewInternal.h */,
				E7D92EAB1A78C17500CE2608 /* HPTextViewInternal.m */,
				E7D92EA91A78C17500CE2608 /* HPGrowingTextView.h */,
				E7D92EA71A78C16900CE2608 /* HPGrowingTextView.m */,
			);
			path = HPGrowingTextView;
			sourceTree = "<group>";
		};
		E7D92EB31A7A257700CE2608 /* images */ = {
			isa = PBXGroup;
			children = (
				E7D92F1D1A7F650A00CE2608 /* chat_more_bg@2x.png */,
				E7D92EBB1A7A3CF900CE2608 /* chat_record_bg@2x.png */,
				E7D92EBC1A7A3CF900CE2608 /* chat_record_selected_bg@2x.png */,
				E7D92EBD1A7A3CF900CE2608 /* chat_input_action_button@2x.png */,
				E7D92EBE1A7A3CF900CE2608 /* chat_input_action_button@3x.png */,
				E7D92EBF1A7A3CF900CE2608 /* chat_input_bg@2x.png */,
				E7D92EC01A7A3CF900CE2608 /* chat_input_emo_button@2x.png */,
				E7D92EC11A7A3CF900CE2608 /* chat_input_emo_button@3x.png */,
				E7D92EC21A7A3CF900CE2608 /* chat_input_keyboard_button@2x.png */,
				E7D92EC31A7A3CF900CE2608 /* chat_input_keyboard_button@3x.png */,
				E7D92EC41A7A3CF900CE2608 /* chat_input_voice_button@2x.png */,
				E7D92EC51A7A3CF900CE2608 /* chat_input_voice_button@3x.png */,
			);
			path = images;
			sourceTree = "<group>";
		};
/* End PBXGroup section */

/* Begin PBXNativeTarget section */
		E73857D71A68EB20003D864D /* ChatInputToolBar */ = {
			isa = PBXNativeTarget;
			buildConfigurationList = E73857FB1A68EB20003D864D /* Build configuration list for PBXNativeTarget "ChatInputToolBar" */;
			buildPhases = (
				E73857D41A68EB20003D864D /* Sources */,
				E73857D51A68EB20003D864D /* Frameworks */,
				E73857D61A68EB20003D864D /* Resources */,
			);
			buildRules = (
			);
			dependencies = (
			);
			name = ChatInputToolBar;
			productName = ChatInputToolBar;
			productReference = E73857D81A68EB20003D864D /* ChatInputToolBar.app */;
			productType = "com.apple.product-type.application";
		};
		E73857F01A68EB20003D864D /* ChatInputToolBarTests */ = {
			isa = PBXNativeTarget;
			buildConfigurationList = E73857FE1A68EB20003D864D /* Build configuration list for PBXNativeTarget "ChatInputToolBarTests" */;
			buildPhases = (
				E73857ED1A68EB20003D864D /* Sources */,
				E73857EE1A68EB20003D864D /* Frameworks */,
				E73857EF1A68EB20003D864D /* Resources */,
			);
			buildRules = (
			);
			dependencies = (
				E73857F31A68EB20003D864D /* PBXTargetDependency */,
			);
			name = ChatInputToolBarTests;
			productName = ChatInputToolBarTests;
			productReference = E73857F11A68EB20003D864D /* ChatInputToolBarTests.xctest */;
			productType = "com.apple.product-type.bundle.unit-test";
		};
/* End PBXNativeTarget section */

/* Begin PBXProject section */
		E73857D01A68EB20003D864D /* Project object */ = {
			isa = PBXProject;
			attributes = {
				LastUpgradeCheck = 0600;
				ORGANIZATIONNAME = "Peter Lee";
				TargetAttributes = {
					E73857D71A68EB20003D864D = {
						CreatedOnToolsVersion = 6.0;
					};
					E73857F01A68EB20003D864D = {
						CreatedOnToolsVersion = 6.0;
						TestTargetID = E73857D71A68EB20003D864D;
					};
				};
			};
			buildConfigurationList = E73857D31A68EB20003D864D /* Build configuration list for PBXProject "ChatInputToolBar" */;
			compatibilityVersion = "Xcode 3.2";
			developmentRegion = English;
			hasScannedForEncodings = 0;
			knownRegions = (
				en,
				Base,
			);
			mainGroup = E73857CF1A68EB20003D864D;
			productRefGroup = E73857D91A68EB20003D864D /* Products */;
			projectDirPath = "";
			projectRoot = "";
			targets = (
				E73857D71A68EB20003D864D /* ChatInputToolBar */,
				E73857F01A68EB20003D864D /* ChatInputToolBarTests */,
			);
		};
/* End PBXProject section */

/* Begin PBXResourcesBuildPhase section */
		E73857D61A68EB20003D864D /* Resources */ = {
			isa = PBXResourcesBuildPhase;
			buildActionMask = 2147483647;
			files = (
				E7D92ECB1A7A3CF900CE2608 /* chat_input_emo_button@2x.png in Resources */,
				E7D92ECA1A7A3CF900CE2608 /* chat_input_bg@2x.png in Resources */,
				E7D92ECD1A7A3CF900CE2608 /* chat_input_keyboard_button@2x.png in Resources */,
				E7D92ECC1A7A3CF900CE2608 /* chat_input_emo_button@3x.png in Resources */,
				E7D92EC61A7A3CF900CE2608 /* chat_record_bg@2x.png in Resources */,
				E7D92EC81A7A3CF900CE2608 /* chat_input_action_button@2x.png in Resources */,
				E73857E71A68EB20003D864D /* Main.storyboard in Resources */,
				E73857EC1A68EB20003D864D /* LaunchScreen.xib in Resources */,
				E7D92EC91A7A3CF900CE2608 /* chat_input_action_button@3x.png in Resources */,
				E73857E91A68EB20003D864D /* Images.xcassets in Resources */,
				E7D92ECF1A7A3CF900CE2608 /* chat_input_voice_button@2x.png in Resources */,
				E7D92EC71A7A3CF900CE2608 /* chat_record_selected_bg@2x.png in Resources */,
				E7D92ECE1A7A3CF900CE2608 /* chat_input_keyboard_button@3x.png in Resources */,
				E7D92ED01A7A3CF900CE2608 /* chat_input_voice_button@3x.png in Resources */,
				E7D92F1E1A7F650A00CE2608 /* chat_more_bg@2x.png in Resources */,
			);
			runOnlyForDeploymentPostprocessing = 0;
		};
		E73857EF1A68EB20003D864D /* Resources */ = {
			isa = PBXResourcesBuildPhase;
			buildActionMask = 2147483647;
			files = (
			);
			runOnlyForDeploymentPostprocessing = 0;
		};
/* End PBXResourcesBuildPhase section */

/* Begin PBXSourcesBuildPhase section */
		E73857D41A68EB20003D864D /* Sources */ = {
			isa = PBXSourcesBuildPhase;
			buildActionMask = 2147483647;
			files = (
				E73857E41A68EB20003D864D /* ViewController.m in Sources */,
				E7D92F1C1A7F5D6000CE2608 /* LTZMoreInputView.m in Sources */,
				E73857E11A68EB20003D864D /* AppDelegate.m in Sources */,
				E738580E1A690600003D864D /* LTZInputToolBar.m in Sources */,
				E7D92F191A7F5D2400CE2608 /* LTZExpressionInputView.m in Sources */,
				E7D92EAC1A78C17500CE2608 /* HPTextViewInternal.m in Sources */,
				E7D92EA81A78C16900CE2608 /* HPGrowingTextView.m in Sources */,
				E7D92EAF1A78D29200CE2608 /* LTZKeyboardController.m in Sources */,
				E738580D1A690600003D864D /* ChatInputTextView.m in Sources */,
				E73857DE1A68EB20003D864D /* main.m in Sources */,
			);
			runOnlyForDeploymentPostprocessing = 0;
		};
		E73857ED1A68EB20003D864D /* Sources */ = {
			isa = PBXSourcesBuildPhase;
			buildActionMask = 2147483647;
			files = (
				E73857F81A68EB20003D864D /* ChatInputToolBarTests.m in Sources */,
			);
			runOnlyForDeploymentPostprocessing = 0;
		};
/* End PBXSourcesBuildPhase section */

/* Begin PBXTargetDependency section */
		E73857F31A68EB20003D864D /* PBXTargetDependency */ = {
			isa = PBXTargetDependency;
			target = E73857D71A68EB20003D864D /* ChatInputToolBar */;
			targetProxy = E73857F21A68EB20003D864D /* PBXContainerItemProxy */;
		};
/* End PBXTargetDependency section */

/* Begin PBXVariantGroup section */
		E73857E51A68EB20003D864D /* Main.storyboard */ = {
			isa = PBXVariantGroup;
			children = (
				E73857E61A68EB20003D864D /* Base */,
			);
			name = Main.storyboard;
			sourceTree = "<group>";
		};
		E73857EA1A68EB20003D864D /* LaunchScreen.xib */ = {
			isa = PBXVariantGroup;
			children = (
				E73857EB1A68EB20003D864D /* Base */,
			);
			name = LaunchScreen.xib;
			sourceTree = "<group>";
		};
/* End PBXVariantGroup section */

/* Begin XCBuildConfiguration section */
		E73857F91A68EB20003D864D /* Debug */ = {
			isa = XCBuildConfiguration;
			buildSettings = {
				ALWAYS_SEARCH_USER_PATHS = NO;
				CLANG_CXX_LANGUAGE_STANDARD = "gnu++0x";
				CLANG_CXX_LIBRARY = "libc++";
				CLANG_ENABLE_MODULES = YES;
				CLANG_ENABLE_OBJC_ARC = YES;
				CLANG_WARN_BOOL_CONVERSION = YES;
				CLANG_WARN_CONSTANT_CONVERSION = YES;
				CLANG_WARN_DIRECT_OBJC_ISA_USAGE = YES_ERROR;
				CLANG_WARN_EMPTY_BODY = YES;
				CLANG_WARN_ENUM_CONVERSION = YES;
				CLANG_WARN_INT_CONVERSION = YES;
				CLANG_WARN_OBJC_ROOT_CLASS = YES_ERROR;
				CLANG_WARN_UNREACHABLE_CODE = YES;
				CLANG_WARN__DUPLICATE_METHOD_MATCH = YES;
				"CODE_SIGN_IDENTITY[sdk=iphoneos*]" = "iPhone Developer";
				COPY_PHASE_STRIP = NO;
				ENABLE_STRICT_OBJC_MSGSEND = YES;
				GCC_C_LANGUAGE_STANDARD = gnu99;
				GCC_DYNAMIC_NO_PIC = NO;
				GCC_OPTIMIZATION_LEVEL = 0;
				GCC_PREPROCESSOR_DEFINITIONS = (
					"DEBUG=1",
					"$(inherited)",
				);
				GCC_SYMBOLS_PRIVATE_EXTERN = NO;
				GCC_WARN_64_TO_32_BIT_CONVERSION = YES;
				GCC_WARN_ABOUT_RETURN_TYPE = YES_ERROR;
				GCC_WARN_UNDECLARED_SELECTOR = YES;
				GCC_WARN_UNINITIALIZED_AUTOS = YES_AGGRESSIVE;
				GCC_WARN_UNUSED_FUNCTION = YES;
				GCC_WARN_UNUSED_VARIABLE = YES;
				IPHONEOS_DEPLOYMENT_TARGET = 8.0;
				MTL_ENABLE_DEBUG_INFO = YES;
				ONLY_ACTIVE_ARCH = YES;
				SDKROOT = iphoneos;
			};
			name = Debug;
		};
		E73857FA1A68EB20003D864D /* Release */ = {
			isa = XCBuildConfiguration;
			buildSettings = {
				ALWAYS_SEARCH_USER_PATHS = NO;
				CLANG_CXX_LANGUAGE_STANDARD = "gnu++0x";
				CLANG_CXX_LIBRARY = "libc++";
				CLANG_ENABLE_MODULES = YES;
				CLANG_ENABLE_OBJC_ARC = YES;
				CLANG_WARN_BOOL_CONVERSION = YES;
				CLANG_WARN_CONSTANT_CONVERSION = YES;
				CLANG_WARN_DIRECT_OBJC_ISA_USAGE = YES_ERROR;
				CLANG_WARN_EMPTY_BODY = YES;
				CLANG_WARN_ENUM_CONVERSION = YES;
				CLANG_WARN_INT_CONVERSION = YES;
				CLANG_WARN_OBJC_ROOT_CLASS = YES_ERROR;
				CLANG_WARN_UNREACHABLE_CODE = YES;
				CLANG_WARN__DUPLICATE_METHOD_MATCH = YES;
				"CODE_SIGN_IDENTITY[sdk=iphoneos*]" = "iPhone Developer";
				COPY_PHASE_STRIP = YES;
				ENABLE_NS_ASSERTIONS = NO;
				ENABLE_STRICT_OBJC_MSGSEND = YES;
				GCC_C_LANGUAGE_STANDARD = gnu99;
				GCC_WARN_64_TO_32_BIT_CONVERSION = YES;
				GCC_WARN_ABOUT_RETURN_TYPE = YES_ERROR;
				GCC_WARN_UNDECLARED_SELECTOR = YES;
				GCC_WARN_UNINITIALIZED_AUTOS = YES_AGGRESSIVE;
				GCC_WARN_UNUSED_FUNCTION = YES;
				GCC_WARN_UNUSED_VARIABLE = YES;
				IPHONEOS_DEPLOYMENT_TARGET = 8.0;
				MTL_ENABLE_DEBUG_INFO = NO;
				SDKROOT = iphoneos;
				VALIDATE_PRODUCT = YES;
			};
			name = Release;
		};
		E73857FC1A68EB20003D864D /* Debug */ = {
			isa = XCBuildConfiguration;
			buildSettings = {
				ASSETCATALOG_COMPILER_APPICON_NAME = AppIcon;
				INFOPLIST_FILE = ChatInputToolBar/Info.plist;
				IPHONEOS_DEPLOYMENT_TARGET = 6.0;
				LD_RUNPATH_SEARCH_PATHS = "$(inherited) @executable_path/Frameworks";
				PRODUCT_NAME = "$(TARGET_NAME)";
			};
			name = Debug;
		};
		E73857FD1A68EB20003D864D /* Release */ = {
			isa = XCBuildConfiguration;
			buildSettings = {
				ASSETCATALOG_COMPILER_APPICON_NAME = AppIcon;
				INFOPLIST_FILE = ChatInputToolBar/Info.plist;
				IPHONEOS_DEPLOYMENT_TARGET = 6.0;
				LD_RUNPATH_SEARCH_PATHS = "$(inherited) @executable_path/Frameworks";
				PRODUCT_NAME = "$(TARGET_NAME)";
			};
			name = Release;
		};
		E73857FF1A68EB20003D864D /* Debug */ = {
			isa = XCBuildConfiguration;
			buildSettings = {
				BUNDLE_LOADER = "$(TEST_HOST)";
				FRAMEWORK_SEARCH_PATHS = (
					"$(SDKROOT)/Developer/Library/Frameworks",
					"$(inherited)",
				);
				GCC_PREPROCESSOR_DEFINITIONS = (
					"DEBUG=1",
					"$(inherited)",
				);
				INFOPLIST_FILE = ChatInputToolBarTests/Info.plist;
				LD_RUNPATH_SEARCH_PATHS = "$(inherited) @executable_path/Frameworks @loader_path/Frameworks";
				PRODUCT_NAME = "$(TARGET_NAME)";
				TEST_HOST = "$(BUILT_PRODUCTS_DIR)/ChatInputToolBar.app/ChatInputToolBar";
			};
			name = Debug;
		};
		E73858001A68EB20003D864D /* Release */ = {
			isa = XCBuildConfiguration;
			buildSettings = {
				BUNDLE_LOADER = "$(TEST_HOST)";
				FRAMEWORK_SEARCH_PATHS = (
					"$(SDKROOT)/Developer/Library/Frameworks",
					"$(inherited)",
				);
				INFOPLIST_FILE = ChatInputToolBarTests/Info.plist;
				LD_RUNPATH_SEARCH_PATHS = "$(inherited) @executable_path/Frameworks @loader_path/Frameworks";
				PRODUCT_NAME = "$(TARGET_NAME)";
				TEST_HOST = "$(BUILT_PRODUCTS_DIR)/ChatInputToolBar.app/ChatInputToolBar";
			};
			name = Release;
		};
/* End XCBuildConfiguration section */

/* Begin XCConfigurationList section */
		E73857D31A68EB20003D864D /* Build configuration list for PBXProject "ChatInputToolBar" */ = {
			isa = XCConfigurationList;
			buildConfigurations = (
				E73857F91A68EB20003D864D /* Debug */,
				E73857FA1A68EB20003D864D /* Release */,
			);
			defaultConfigurationIsVisible = 0;
			defaultConfigurationName = Release;
		};
		E73857FB1A68EB20003D864D /* Build configuration list for PBXNativeTarget "ChatInputToolBar" */ = {
			isa = XCConfigurationList;
			buildConfigurations = (
				E73857FC1A68EB20003D864D /* Debug */,
				E73857FD1A68EB20003D864D /* Release */,
			);
			defaultConfigurationIsVisible = 0;
			defaultConfigurationName = Release;
		};
		E73857FE1A68EB20003D864D /* Build configuration list for PBXNativeTarget "ChatInputToolBarTests" */ = {
			isa = XCConfigurationList;
			buildConfigurations = (
				E73857FF1A68EB20003D864D /* Debug */,
				E73858001A68EB20003D864D /* Release */,
			);
			defaultConfigurationIsVisible = 0;
			defaultConfigurationName = Release;
		};
/* End XCConfigurationList section */
	};
	rootObject = E73857D01A68EB20003D864D /* Project object */;
}
