// !$*UTF8*$!
{
	archiveVersion = 1;
	classes = {
	};
	objectVersion = 46;
	objects = {

/* Begin PBXBuildFile section */
		E71854E41A822D93001FBAD7 /* bg.jpg in Resources */ = {isa = PBXBuildFile; fileRef = E71854E31A822D93001FBAD7 /* bg.jpg */; };
		E73857DE1A68EB20003D864D /* main.m in Sources */ = {isa = PBXBuildFile; fileRef = E73857DD1A68EB20003D864D /* main.m */; };
		E73857E11A68EB20003D864D /* AppDelegate.m in Sources */ = {isa = PBXBuildFile; fileRef = E73857E01A68EB20003D864D /* AppDelegate.m */; };
		E73857E41A68EB20003D864D /* ViewController.m in Sources */ = {isa = PBXBuildFile; fileRef = E73857E31A68EB20003D864D /* ViewController.m */; };
		E73857E71A68EB20003D864D /* Main.storyboard in Resources */ = {isa = PBXBuildFile; fileRef = E73857E51A68EB20003D864D /* Main.storyboard */; };
		E73857E91A68EB20003D864D /* Images.xcassets in Resources */ = {isa = PBXBuildFile; fileRef = E73857E81A68EB20003D864D /* Images.xcassets */; };
		E73857EC1A68EB20003D864D /* LaunchScreen.xib in Resources */ = {isa = PBXBuildFile; fileRef = E73857EA1A68EB20003D864D /* LaunchScreen.xib */; };
		E73857F81A68EB20003D864D /* ChatInputToolBarTests.m in Sources */ = {isa = PBXBuildFile; fileRef = E73857F71A68EB20003D864D /* ChatInputToolBarTests.m */; };
		E7BAAF8A1A87A60A007BF116 /* LTZMoreInputItemView.m in Sources */ = {isa = PBXBuildFile; fileRef = E7BAAF891A87A60A007BF116 /* LTZMoreInputItemView.m */; };
		E7E401CC1A84ABCC00919234 /* LTZExpressionInputView.m in Sources */ = {isa = PBXBuildFile; fileRef = E7E401B21A84ABCC00919234 /* LTZExpressionInputView.m */; };
		E7E401CD1A84ABCC00919234 /* LTZGrowingTextView.m in Sources */ = {isa = PBXBuildFile; fileRef = E7E401B51A84ABCC00919234 /* LTZGrowingTextView.m */; };
		E7E401CE1A84ABCC00919234 /* LTZTextViewInternal.m in Sources */ = {isa = PBXBuildFile; fileRef = E7E401B71A84ABCC00919234 /* LTZTextViewInternal.m */; };
		E7E401CF1A84ABCC00919234 /* LTZInputTextView.m in Sources */ = {isa = PBXBuildFile; fileRef = E7E401BB1A84ABCC00919234 /* LTZInputTextView.m */; };
		E7E401D01A84ABCC00919234 /* LTZInputTool.m in Sources */ = {isa = PBXBuildFile; fileRef = E7E401BE1A84ABCC00919234 /* LTZInputTool.m */; };
		E7E401D11A84ABCC00919234 /* LTZInputToolBar.m in Sources */ = {isa = PBXBuildFile; fileRef = E7E401C11A84ABCC00919234 /* LTZInputToolBar.m */; };
		E7E401D21A84ABCC00919234 /* LTZInputToolBarConstraints.m in Sources */ = {isa = PBXBuildFile; fileRef = E7E401C51A84ABCC00919234 /* LTZInputToolBarConstraints.m */; };
		E7E401D31A84ABCC00919234 /* LTZKeyboardController.m in Sources */ = {isa = PBXBuildFile; fileRef = E7E401C81A84ABCC00919234 /* LTZKeyboardController.m */; };
		E7E401D41A84ABCC00919234 /* LTZMoreInputView.m in Sources */ = {isa = PBXBuildFile; fileRef = E7E401CB1A84ABCC00919234 /* LTZMoreInputView.m */; };
		E7E401EC1A84B62E00919234 /* chat_input_action_button@2x.png in Resources */ = {isa = PBXBuildFile; fileRef = E7E401D61A84B62E00919234 /* chat_input_action_button@2x.png */; };
		E7E401ED1A84B62E00919234 /* chat_input_action_button@3x.png in Resources */ = {isa = PBXBuildFile; fileRef = E7E401D71A84B62E00919234 /* chat_input_action_button@3x.png */; };
		E7E401EE1A84B62E00919234 /* chat_input_action_buttonHL@2x.png in Resources */ = {isa = PBXBuildFile; fileRef = E7E401D81A84B62E00919234 /* chat_input_action_buttonHL@2x.png */; };
		E7E401EF1A84B62E00919234 /* chat_input_action_buttonHL@3x.png in Resources */ = {isa = PBXBuildFile; fileRef = E7E401D91A84B62E00919234 /* chat_input_action_buttonHL@3x.png */; };
		E7E401F01A84B62E00919234 /* chat_input_bg@2x.png in Resources */ = {isa = PBXBuildFile; fileRef = E7E401DA1A84B62E00919234 /* chat_input_bg@2x.png */; };
		E7E401F11A84B62E00919234 /* chat_input_emo_button@2x.png in Resources */ = {isa = PBXBuildFile; fileRef = E7E401DB1A84B62E00919234 /* chat_input_emo_button@2x.png */; };
		E7E401F21A84B62E00919234 /* chat_input_emo_button@3x.png in Resources */ = {isa = PBXBuildFile; fileRef = E7E401DC1A84B62E00919234 /* chat_input_emo_button@3x.png */; };
		E7E401F31A84B62E00919234 /* chat_input_emo_buttonHL@2x.png in Resources */ = {isa = PBXBuildFile; fileRef = E7E401DD1A84B62E00919234 /* chat_input_emo_buttonHL@2x.png */; };
		E7E401F41A84B62E00919234 /* chat_input_emo_buttonHL@3x.png in Resources */ = {isa = PBXBuildFile; fileRef = E7E401DE1A84B62E00919234 /* chat_input_emo_buttonHL@3x.png */; };
		E7E401F51A84B62E00919234 /* chat_input_keyboard_button@2x.png in Resources */ = {isa = PBXBuildFile; fileRef = E7E401DF1A84B62E00919234 /* chat_input_keyboard_button@2x.png */; };
		E7E401F61A84B62E00919234 /* chat_input_keyboard_button@3x.png in Resources */ = {isa = PBXBuildFile; fileRef = E7E401E01A84B62E00919234 /* chat_input_keyboard_button@3x.png */; };
		E7E401F71A84B62E00919234 /* chat_input_keyboard_buttonHL@2x.png in Resources */ = {isa = PBXBuildFile; fileRef = E7E401E11A84B62E00919234 /* chat_input_keyboard_buttonHL@2x.png */; };
		E7E401F81A84B62E00919234 /* chat_input_keyboard_buttonHL@3x.png in Resources */ = {isa = PBXBuildFile; fileRef = E7E401E21A84B62E00919234 /* chat_input_keyboard_buttonHL@3x.png */; };
		E7E401F91A84B62E00919234 /* chat_input_voice_button@2x.png in Resources */ = {isa = PBXBuildFile; fileRef = E7E401E31A84B62E00919234 /* chat_input_voice_button@2x.png */; };
		E7E401FA1A84B62E00919234 /* chat_input_voice_button@3x.png in Resources */ = {isa = PBXBuildFile; fileRef = E7E401E41A84B62E00919234 /* chat_input_voice_button@3x.png */; };
		E7E401FB1A84B62E00919234 /* chat_input_voice_buttonHL@2x.png in Resources */ = {isa = PBXBuildFile; fileRef = E7E401E51A84B62E00919234 /* chat_input_voice_buttonHL@2x.png */; };
		E7E401FC1A84B62E00919234 /* chat_input_voice_buttonHL@3x.png in Resources */ = {isa = PBXBuildFile; fileRef = E7E401E61A84B62E00919234 /* chat_input_voice_buttonHL@3x.png */; };
		E7E401FD1A84B62E00919234 /* chat_more_bg@2x.png in Resources */ = {isa = PBXBuildFile; fileRef = E7E401E71A84B62E00919234 /* chat_more_bg@2x.png */; };
		E7E401FE1A84B62E00919234 /* chat_record_bg@2x.png in Resources */ = {isa = PBXBuildFile; fileRef = E7E401E81A84B62E00919234 /* chat_record_bg@2x.png */; };
		E7E401FF1A84B62E00919234 /* chat_record_bg@3x.png in Resources */ = {isa = PBXBuildFile; fileRef = E7E401E91A84B62E00919234 /* chat_record_bg@3x.png */; };
		E7E402001A84B62E00919234 /* chat_record_selected_bg@2x.png in Resources */ = {isa = PBXBuildFile; fileRef = E7E401EA1A84B62E00919234 /* chat_record_selected_bg@2x.png */; };
		E7E402011A84B62E00919234 /* chat_record_selected_bg@3x.png in Resources */ = {isa = PBXBuildFile; fileRef = E7E401EB1A84B62E00919234 /* chat_record_selected_bg@3x.png */; };
		E7E402041A84B66800919234 /* LTZMoreInputItem.m in Sources */ = {isa = PBXBuildFile; fileRef = E7E402031A84B66800919234 /* LTZMoreInputItem.m */; };
/* End PBXBuildFile section */

/* Begin PBXContainerItemProxy section */
		E73857F21A68EB20003D864D /* PBXContainerItemProxy */ = {
			isa = PBXContainerItemProxy;
			containerPortal = E73857D01A68EB20003D864D /* Project object */;
			proxyType = 1;
			remoteGlobalIDString = E73857D71A68EB20003D864D;
			remoteInfo = ChatInputToolBar;
		};
/* End PBXContainerItemProxy section */

/* Begin PBXFileReference section */
		E71854E31A822D93001FBAD7 /* bg.jpg */ = {isa = PBXFileReference; lastKnownFileType = image.jpeg; path = bg.jpg; sourceTree = "<group>"; };
		E73857D81A68EB20003D864D /* ChatInputToolBar.app */ = {isa = PBXFileReference; explicitFileType = wrapper.application; includeInIndex = 0; path = ChatInputToolBar.app; sourceTree = BUILT_PRODUCTS_DIR; };
		E73857DC1A68EB20003D864D /* Info.plist */ = {isa = PBXFileReference; lastKnownFileType = text.plist.xml; path = Info.plist; sourceTree = "<group>"; };
		E73857DD1A68EB20003D864D /* main.m */ = {isa = PBXFileReference; lastKnownFileType = sourcecode.c.objc; path = main.m; sourceTree = "<group>"; };
		E73857DF1A68EB20003D864D /* AppDelegate.h */ = {isa = PBXFileReference; lastKnownFileType = sourcecode.c.h; path = AppDelegate.h; sourceTree = "<group>"; };
		E73857E01A68EB20003D864D /* AppDelegate.m */ = {isa = PBXFileReference; lastKnownFileType = sourcecode.c.objc; path = AppDelegate.m; sourceTree = "<group>"; };
		E73857E21A68EB20003D864D /* ViewController.h */ = {isa = PBXFileReference; lastKnownFileType = sourcecode.c.h; path = ViewController.h; sourceTree = "<group>"; };
		E73857E31A68EB20003D864D /* ViewController.m */ = {isa = PBXFileReference; lastKnownFileType = sourcecode.c.objc; path = ViewController.m; sourceTree = "<group>"; };
		E73857E61A68EB20003D864D /* Base */ = {isa = PBXFileReference; lastKnownFileType = file.storyboard; name = Base; path = Base.lproj/Main.storyboard; sourceTree = "<group>"; };
		E73857E81A68EB20003D864D /* Images.xcassets */ = {isa = PBXFileReference; lastKnownFileType = folder.assetcatalog; path = Images.xcassets; sourceTree = "<group>"; };
		E73857EB1A68EB20003D864D /* Base */ = {isa = PBXFileReference; lastKnownFileType = file.xib; name = Base; path = Base.lproj/LaunchScreen.xib; sourceTree = "<group>"; };
		E73857F11A68EB20003D864D /* ChatInputToolBarTests.xctest */ = {isa = PBXFileReference; explicitFileType = wrapper.cfbundle; includeInIndex = 0; path = ChatInputToolBarTests.xctest; sourceTree = BUILT_PRODUCTS_DIR; };
		E73857F61A68EB20003D864D /* Info.plist */ = {isa = PBXFileReference; lastKnownFileType = text.plist.xml; path = Info.plist; sourceTree = "<group>"; };
		E73857F71A68EB20003D864D /* ChatInputToolBarTests.m */ = {isa = PBXFileReference; lastKnownFileType = sourcecode.c.objc; path = ChatInputToolBarTests.m; sourceTree = "<group>"; };
		E7BAAF881A87A60A007BF116 /* LTZMoreInputItemView.h */ = {isa = PBXFileReference; fileEncoding = 4; lastKnownFileType = sourcecode.c.h; path = LTZMoreInputItemView.h; sourceTree = "<group>"; };
		E7BAAF891A87A60A007BF116 /* LTZMoreInputItemView.m */ = {isa = PBXFileReference; fileEncoding = 4; lastKnownFileType = sourcecode.c.objc; path = LTZMoreInputItemView.m; sourceTree = "<group>"; };
		E7E4013F1A846DAA00919234 /* zh-Hans */ = {isa = PBXFileReference; lastKnownFileType = text.plist.strings; name = "zh-Hans"; path = "zh-Hans.lproj/Main.strings"; sourceTree = "<group>"; };
		E7E401401A846DAA00919234 /* zh-Hans */ = {isa = PBXFileReference; lastKnownFileType = text.plist.strings; name = "zh-Hans"; path = "zh-Hans.lproj/LaunchScreen.strings"; sourceTree = "<group>"; };
		E7E401B11A84ABCC00919234 /* LTZExpressionInputView.h */ = {isa = PBXFileReference; fileEncoding = 4; lastKnownFileType = sourcecode.c.h; path = LTZExpressionInputView.h; sourceTree = "<group>"; };
		E7E401B21A84ABCC00919234 /* LTZExpressionInputView.m */ = {isa = PBXFileReference; fileEncoding = 4; lastKnownFileType = sourcecode.c.objc; path = LTZExpressionInputView.m; sourceTree = "<group>"; };
		E7E401B41A84ABCC00919234 /* LTZGrowingTextView.h */ = {isa = PBXFileReference; fileEncoding = 4; lastKnownFileType = sourcecode.c.h; path = LTZGrowingTextView.h; sourceTree = "<group>"; };
		E7E401B51A84ABCC00919234 /* LTZGrowingTextView.m */ = {isa = PBXFileReference; fileEncoding = 4; lastKnownFileType = sourcecode.c.objc; path = LTZGrowingTextView.m; sourceTree = "<group>"; };
		E7E401B61A84ABCC00919234 /* LTZTextViewInternal.h */ = {isa = PBXFileReference; fileEncoding = 4; lastKnownFileType = sourcecode.c.h; path = LTZTextViewInternal.h; sourceTree = "<group>"; };
		E7E401B71A84ABCC00919234 /* LTZTextViewInternal.m */ = {isa = PBXFileReference; fileEncoding = 4; lastKnownFileType = sourcecode.c.objc; path = LTZTextViewInternal.m; sourceTree = "<group>"; };
		E7E401B81A84ABCC00919234 /* LTZInputBar.h */ = {isa = PBXFileReference; fileEncoding = 4; lastKnownFileType = sourcecode.c.h; path = LTZInputBar.h; sourceTree = "<group>"; };
		E7E401BA1A84ABCC00919234 /* LTZInputTextView.h */ = {isa = PBXFileReference; fileEncoding = 4; lastKnownFileType = sourcecode.c.h; path = LTZInputTextView.h; sourceTree = "<group>"; };
		E7E401BB1A84ABCC00919234 /* LTZInputTextView.m */ = {isa = PBXFileReference; fileEncoding = 4; lastKnownFileType = sourcecode.c.objc; path = LTZInputTextView.m; sourceTree = "<group>"; };
		E7E401BD1A84ABCC00919234 /* LTZInputTool.h */ = {isa = PBXFileReference; fileEncoding = 4; lastKnownFileType = sourcecode.c.h; path = LTZInputTool.h; sourceTree = "<group>"; };
		E7E401BE1A84ABCC00919234 /* LTZInputTool.m */ = {isa = PBXFileReference; fileEncoding = 4; lastKnownFileType = sourcecode.c.objc; path = LTZInputTool.m; sourceTree = "<group>"; };
		E7E401C01A84ABCC00919234 /* LTZInputToolBar.h */ = {isa = PBXFileReference; fileEncoding = 4; lastKnownFileType = sourcecode.c.h; path = LTZInputToolBar.h; sourceTree = "<group>"; };
		E7E401C11A84ABCC00919234 /* LTZInputToolBar.m */ = {isa = PBXFileReference; fileEncoding = 4; lastKnownFileType = sourcecode.c.objc; path = LTZInputToolBar.m; sourceTree = "<group>"; };
		E7E401C21A84ABCC00919234 /* LTZInputToolBarDelegate.h */ = {isa = PBXFileReference; fileEncoding = 4; lastKnownFileType = sourcecode.c.h; path = LTZInputToolBarDelegate.h; sourceTree = "<group>"; };
		E7E401C41A84ABCC00919234 /* LTZInputToolBarConstraints.h */ = {isa = PBXFileReference; fileEncoding = 4; lastKnownFileType = sourcecode.c.h; path = LTZInputToolBarConstraints.h; sourceTree = "<group>"; };
		E7E401C51A84ABCC00919234 /* LTZInputToolBarConstraints.m */ = {isa = PBXFileReference; fileEncoding = 4; lastKnownFileType = sourcecode.c.objc; path = LTZInputToolBarConstraints.m; sourceTree = "<group>"; };
		E7E401C71A84ABCC00919234 /* LTZKeyboardController.h */ = {isa = PBXFileReference; fileEncoding = 4; lastKnownFileType = sourcecode.c.h; path = LTZKeyboardController.h; sourceTree = "<group>"; };
		E7E401C81A84ABCC00919234 /* LTZKeyboardController.m */ = {isa = PBXFileReference; fileEncoding = 4; lastKnownFileType = sourcecode.c.objc; path = LTZKeyboardController.m; sourceTree = "<group>"; };
		E7E401CA1A84ABCC00919234 /* LTZMoreInputView.h */ = {isa = PBXFileReference; fileEncoding = 4; lastKnownFileType = sourcecode.c.h; path = LTZMoreInputView.h; sourceTree = "<group>"; };
		E7E401CB1A84ABCC00919234 /* LTZMoreInputView.m */ = {isa = PBXFileReference; fileEncoding = 4; lastKnownFileType = sourcecode.c.objc; path = LTZMoreInputView.m; sourceTree = "<group>"; };
		E7E401D61A84B62E00919234 /* chat_input_action_button@2x.png */ = {isa = PBXFileReference; lastKnownFileType = image.png; path = "chat_input_action_button@2x.png"; sourceTree = "<group>"; };
		E7E401D71A84B62E00919234 /* chat_input_action_button@3x.png */ = {isa = PBXFileReference; lastKnownFileType = image.png; path = "chat_input_action_button@3x.png"; sourceTree = "<group>"; };
		E7E401D81A84B62E00919234 /* chat_input_action_buttonHL@2x.png */ = {isa = PBXFileReference; lastKnownFileType = image.png; path = "chat_input_action_buttonHL@2x.png"; sourceTree = "<group>"; };
		E7E401D91A84B62E00919234 /* chat_input_action_buttonHL@3x.png */ = {isa = PBXFileReference; lastKnownFileType = image.png; path = "chat_input_action_buttonHL@3x.png"; sourceTree = "<group>"; };
		E7E401DA1A84B62E00919234 /* chat_input_bg@2x.png */ = {isa = PBXFileReference; lastKnownFileType = image.png; path = "chat_input_bg@2x.png"; sourceTree = "<group>"; };
		E7E401DB1A84B62E00919234 /* chat_input_emo_button@2x.png */ = {isa = PBXFileReference; lastKnownFileType = image.png; path = "chat_input_emo_button@2x.png"; sourceTree = "<group>"; };
		E7E401DC1A84B62E00919234 /* chat_input_emo_button@3x.png */ = {isa = PBXFileReference; lastKnownFileType = image.png; path = "chat_input_emo_button@3x.png"; sourceTree = "<group>"; };
		E7E401DD1A84B62E00919234 /* chat_input_emo_buttonHL@2x.png */ = {isa = PBXFileReference; lastKnownFileType = image.png; path = "chat_input_emo_buttonHL@2x.png"; sourceTree = "<group>"; };
		E7E401DE1A84B62E00919234 /* chat_input_emo_buttonHL@3x.png */ = {isa = PBXFileReference; lastKnownFileType = image.png; path = "chat_input_emo_buttonHL@3x.png"; sourceTree = "<group>"; };
		E7E401DF1A84B62E00919234 /* chat_input_keyboard_button@2x.png */ = {isa = PBXFileReference; lastKnownFileType = image.png; path = "chat_input_keyboard_button@2x.png"; sourceTree = "<group>"; };
		E7E401E01A84B62E00919234 /* chat_input_keyboard_button@3x.png */ = {isa = PBXFileReference; lastKnownFileType = image.png; path = "chat_input_keyboard_button@3x.png"; sourceTree = "<group>"; };
		E7E401E11A84B62E00919234 /* chat_input_keyboard_buttonHL@2x.png */ = {isa = PBXFileReference; lastKnownFileType = image.png; path = "chat_input_keyboard_buttonHL@2x.png"; sourceTree = "<group>"; };
		E7E401E21A84B62E00919234 /* chat_input_keyboard_buttonHL@3x.png */ = {isa = PBXFileReference; lastKnownFileType = image.png; path = "chat_input_keyboard_buttonHL@3x.png"; sourceTree = "<group>"; };
		E7E401E31A84B62E00919234 /* chat_input_voice_button@2x.png */ = {isa = PBXFileReference; lastKnownFileType = image.png; path = "chat_input_voice_button@2x.png"; sourceTree = "<group>"; };
		E7E401E41A84B62E00919234 /* chat_input_voice_button@3x.png */ = {isa = PBXFileReference; lastKnownFileType = image.png; path = "chat_input_voice_button@3x.png"; sourceTree = "<group>"; };
		E7E401E51A84B62E00919234 /* chat_input_voice_buttonHL@2x.png */ = {isa = PBXFileReference; lastKnownFileType = image.png; path = "chat_input_voice_buttonHL@2x.png"; sourceTree = "<group>"; };
		E7E401E61A84B62E00919234 /* chat_input_voice_buttonHL@3x.png */ = {isa = PBXFileReference; lastKnownFileType = image.png; path = "chat_input_voice_buttonHL@3x.png"; sourceTree = "<group>"; };
		E7E401E71A84B62E00919234 /* chat_more_bg@2x.png */ = {isa = PBXFileReference; lastKnownFileType = image.png; path = "chat_more_bg@2x.png"; sourceTree = "<group>"; };
		E7E401E81A84B62E00919234 /* chat_record_bg@2x.png */ = {isa = PBXFileReference; lastKnownFileType = image.png; path = "chat_record_bg@2x.png"; sourceTree = "<group>"; };
		E7E401E91A84B62E00919234 /* chat_record_bg@3x.png */ = {isa = PBXFileReference; lastKnownFileType = image.png; path = "chat_record_bg@3x.png"; sourceTree = "<group>"; };
		E7E401EA1A84B62E00919234 /* chat_record_selected_bg@2x.png */ = {isa = PBXFileReference; lastKnownFileType = image.png; path = "chat_record_selected_bg@2x.png"; sourceTree = "<group>"; };
		E7E401EB1A84B62E00919234 /* chat_record_selected_bg@3x.png */ = {isa = PBXFileReference; lastKnownFileType = image.png; path = "chat_record_selected_bg@3x.png"; sourceTree = "<group>"; };
		E7E402021A84B66800919234 /* LTZMoreInputItem.h */ = {isa = PBXFileReference; fileEncoding = 4; lastKnownFileType = sourcecode.c.h; path = LTZMoreInputItem.h; sourceTree = "<group>"; };
		E7E402031A84B66800919234 /* LTZMoreInputItem.m */ = {isa = PBXFileReference; fileEncoding = 4; lastKnownFileType = sourcecode.c.objc; path = LTZMoreInputItem.m; sourceTree = "<group>"; };
/* End PBXFileReference section */

/* Begin PBXFrameworksBuildPhase section */
		E73857D51A68EB20003D864D /* Frameworks */ = {
			isa = PBXFrameworksBuildPhase;
			buildActionMask = 2147483647;
			files = (
			);
			runOnlyForDeploymentPostprocessing = 0;
		};
		E73857EE1A68EB20003D864D /* Frameworks */ = {
			isa = PBXFrameworksBuildPhase;
			buildActionMask = 2147483647;
			files = (
			);
			runOnlyForDeploymentPostprocessing = 0;
		};
/* End PBXFrameworksBuildPhase section */

/* Begin PBXGroup section */
		E73857CF1A68EB20003D864D = {
			isa = PBXGroup;
			children = (
				E73857DA1A68EB20003D864D /* ChatInputToolBar */,
				E73857F41A68EB20003D864D /* ChatInputToolBarTests */,
				E73857D91A68EB20003D864D /* Products */,
			);
			sourceTree = "<group>";
		};
		E73857D91A68EB20003D864D /* Products */ = {
			isa = PBXGroup;
			children = (
				E73857D81A68EB20003D864D /* ChatInputToolBar.app */,
				E73857F11A68EB20003D864D /* ChatInputToolBarTests.xctest */,
			);
			name = Products;
			sourceTree = "<group>";
		};
		E73857DA1A68EB20003D864D /* ChatInputToolBar */ = {
			isa = PBXGroup;
			children = (
				E7E401AF1A84ABCC00919234 /* LTZInputBarFramework */,
				E73857DF1A68EB20003D864D /* AppDelegate.h */,
				E73857E01A68EB20003D864D /* AppDelegate.m */,
				E73857E21A68EB20003D864D /* ViewController.h */,
				E73857E31A68EB20003D864D /* ViewController.m */,
				E73857E51A68EB20003D864D /* Main.storyboard */,
				E71854E31A822D93001FBAD7 /* bg.jpg */,
				E73857E81A68EB20003D864D /* Images.xcassets */,
				E73857EA1A68EB20003D864D /* LaunchScreen.xib */,
				E73857DB1A68EB20003D864D /* Supporting Files */,
			);
			path = ChatInputToolBar;
			sourceTree = "<group>";
		};
		E73857DB1A68EB20003D864D /* Supporting Files */ = {
			isa = PBXGroup;
			children = (
				E73857DC1A68EB20003D864D /* Info.plist */,
				E73857DD1A68EB20003D864D /* main.m */,
			);
			name = "Supporting Files";
			sourceTree = "<group>";
		};
		E73857F41A68EB20003D864D /* ChatInputToolBarTests */ = {
			isa = PBXGroup;
			children = (
				E73857F71A68EB20003D864D /* ChatInputToolBarTests.m */,
				E73857F51A68EB20003D864D /* Supporting Files */,
			);
			path = ChatInputToolBarTests;
			sourceTree = "<group>";
		};
		E73857F51A68EB20003D864D /* Supporting Files */ = {
			isa = PBXGroup;
			children = (
				E73857F61A68EB20003D864D /* Info.plist */,
			);
			name = "Supporting Files";
			sourceTree = "<group>";
		};
		E7E401AF1A84ABCC00919234 /* LTZInputBarFramework */ = {
			isa = PBXGroup;
			children = (
				E7E401B01A84ABCC00919234 /* LTZExpressionInputView */,
				E7E401C91A84ABCC00919234 /* LTZMoreInputView */,
				E7E401B31A84ABCC00919234 /* LTZGrowingTextView */,
				E7E401B91A84ABCC00919234 /* LTZInputTextView */,
				E7E401BC1A84ABCC00919234 /* LTZInputTool */,
				E7E401BF1A84ABCC00919234 /* LTZInputToolBar */,
				E7E401C31A84ABCC00919234 /* LTZInputToolBarConstraints */,
				E7E401C61A84ABCC00919234 /* LTZKeyboardController */,
				E7E401D51A84B62E00919234 /* images */,
				E7E401B81A84ABCC00919234 /* LTZInputBar.h */,
			);
			path = LTZInputBarFramework;
			sourceTree = "<group>";
		};
		E7E401B01A84ABCC00919234 /* LTZExpressionInputView */ = {
			isa = PBXGroup;
			children = (
				E7E401B11A84ABCC00919234 /* LTZExpressionInputView.h */,
				E7E401B21A84ABCC00919234 /* LTZExpressionInputView.m */,
			);
			path = LTZExpressionInputView;
			sourceTree = "<group>";
		};
		E7E401B31A84ABCC00919234 /* LTZGrowingTextView */ = {
			isa = PBXGroup;
			children = (
				E7E401B41A84ABCC00919234 /* LTZGrowingTextView.h */,
				E7E401B51A84ABCC00919234 /* LTZGrowingTextView.m */,
				E7E401B61A84ABCC00919234 /* LTZTextViewInternal.h */,
				E7E401B71A84ABCC00919234 /* LTZTextViewInternal.m */,
			);
			path = LTZGrowingTextView;
			sourceTree = "<group>";
		};
		E7E401B91A84ABCC00919234 /* LTZInputTextView */ = {
			isa = PBXGroup;
			children = (
				E7E401BA1A84ABCC00919234 /* LTZInputTextView.h */,
				E7E401BB1A84ABCC00919234 /* LTZInputTextView.m */,
			);
			path = LTZInputTextView;
			sourceTree = "<group>";
		};
		E7E401BC1A84ABCC00919234 /* LTZInputTool */ = {
			isa = PBXGroup;
			children = (
				E7E401BD1A84ABCC00919234 /* LTZInputTool.h */,
				E7E401BE1A84ABCC00919234 /* LTZInputTool.m */,
			);
			path = LTZInputTool;
			sourceTree = "<group>";
		};
		E7E401BF1A84ABCC00919234 /* LTZInputToolBar */ = {
			isa = PBXGroup;
			children = (
				E7E401C01A84ABCC00919234 /* LTZInputToolBar.h */,
				E7E401C11A84ABCC00919234 /* LTZInputToolBar.m */,
				E7E401C21A84ABCC00919234 /* LTZInputToolBarDelegate.h */,
			);
			path = LTZInputToolBar;
			sourceTree = "<group>";
		};
		E7E401C31A84ABCC00919234 /* LTZInputToolBarConstraints */ = {
			isa = PBXGroup;
			children = (
				E7E401C41A84ABCC00919234 /* LTZInputToolBarConstraints.h */,
				E7E401C51A84ABCC00919234 /* LTZInputToolBarConstraints.m */,
			);
			path = LTZInputToolBarConstraints;
			sourceTree = "<group>";
		};
		E7E401C61A84ABCC00919234 /* LTZKeyboardController */ = {
			isa = PBXGroup;
			children = (
				E7E401C71A84ABCC00919234 /* LTZKeyboardController.h */,
				E7E401C81A84ABCC00919234 /* LTZKeyboardController.m */,
			);
			path = LTZKeyboardController;
			sourceTree = "<group>";
		};
		E7E401C91A84ABCC00919234 /* LTZMoreInputView */ = {
			isa = PBXGroup;
			children = (
				E7E401CA1A84ABCC00919234 /* LTZMoreInputView.h */,
				E7E401CB1A84ABCC00919234 /* LTZMoreInputView.m */,
				E7E402021A84B66800919234 /* LTZMoreInputItem.h */,
				E7E402031A84B66800919234 /* LTZMoreInputItem.m */,
				E7BAAF881A87A60A007BF116 /* LTZMoreInputItemView.h */,
				E7BAAF891A87A60A007BF116 /* LTZMoreInputItemView.m */,
			);
			path = LTZMoreInputView;
			sourceTree = "<group>";
		};
		E7E401D51A84B62E00919234 /* images */ = {
			isa = PBXGroup;
			children = (
				E7E401D61A84B62E00919234 /* chat_input_action_button@2x.png */,
				E7E401D71A84B62E00919234 /* chat_input_action_button@3x.png */,
				E7E401D81A84B62E00919234 /* chat_input_action_buttonHL@2x.png */,
				E7E401D91A84B62E00919234 /* chat_input_action_buttonHL@3x.png */,
				E7E401DA1A84B62E00919234 /* chat_input_bg@2x.png */,
				E7E401DB1A84B62E00919234 /* chat_input_emo_button@2x.png */,
				E7E401DC1A84B62E00919234 /* chat_input_emo_button@3x.png */,
				E7E401DD1A84B62E00919234 /* chat_input_emo_buttonHL@2x.png */,
				E7E401DE1A84B62E00919234 /* chat_input_emo_buttonHL@3x.png */,
				E7E401DF1A84B62E00919234 /* chat_input_keyboard_button@2x.png */,
				E7E401E01A84B62E00919234 /* chat_input_keyboard_button@3x.png */,
				E7E401E11A84B62E00919234 /* chat_input_keyboard_buttonHL@2x.png */,
				E7E401E21A84B62E00919234 /* chat_input_keyboard_buttonHL@3x.png */,
				E7E401E31A84B62E00919234 /* chat_input_voice_button@2x.png */,
				E7E401E41A84B62E00919234 /* chat_input_voice_button@3x.png */,
				E7E401E51A84B62E00919234 /* chat_input_voice_buttonHL@2x.png */,
				E7E401E61A84B62E00919234 /* chat_input_voice_buttonHL@3x.png */,
				E7E401E71A84B62E00919234 /* chat_more_bg@2x.png */,
				E7E401E81A84B62E00919234 /* chat_record_bg@2x.png */,
				E7E401E91A84B62E00919234 /* chat_record_bg@3x.png */,
				E7E401EA1A84B62E00919234 /* chat_record_selected_bg@2x.png */,
				E7E401EB1A84B62E00919234 /* chat_record_selected_bg@3x.png */,
			);
			path = images;
			sourceTree = "<group>";
		};
/* End PBXGroup section */

/* Begin PBXNativeTarget section */
		E73857D71A68EB20003D864D /* ChatInputToolBar */ = {
			isa = PBXNativeTarget;
			buildConfigurationList = E73857FB1A68EB20003D864D /* Build configuration list for PBXNativeTarget "ChatInputToolBar" */;
			buildPhases = (
				E73857D41A68EB20003D864D /* Sources */,
				E73857D51A68EB20003D864D /* Frameworks */,
				E73857D61A68EB20003D864D /* Resources */,
			);
			buildRules = (
			);
			dependencies = (
			);
			name = ChatInputToolBar;
			productName = ChatInputToolBar;
			productReference = E73857D81A68EB20003D864D /* ChatInputToolBar.app */;
			productType = "com.apple.product-type.application";
		};
		E73857F01A68EB20003D864D /* ChatInputToolBarTests */ = {
			isa = PBXNativeTarget;
			buildConfigurationList = E73857FE1A68EB20003D864D /* Build configuration list for PBXNativeTarget "ChatInputToolBarTests" */;
			buildPhases = (
				E73857ED1A68EB20003D864D /* Sources */,
				E73857EE1A68EB20003D864D /* Frameworks */,
				E73857EF1A68EB20003D864D /* Resources */,
			);
			buildRules = (
			);
			dependencies = (
				E73857F31A68EB20003D864D /* PBXTargetDependency */,
			);
			name = ChatInputToolBarTests;
			productName = ChatInputToolBarTests;
			productReference = E73857F11A68EB20003D864D /* ChatInputToolBarTests.xctest */;
			productType = "com.apple.product-type.bundle.unit-test";
		};
/* End PBXNativeTarget section */

/* Begin PBXProject section */
		E73857D01A68EB20003D864D /* Project object */ = {
			isa = PBXProject;
			attributes = {
				LastUpgradeCheck = 0600;
				ORGANIZATIONNAME = "Peter Lee";
				TargetAttributes = {
					E73857D71A68EB20003D864D = {
						CreatedOnToolsVersion = 6.0;
					};
					E73857F01A68EB20003D864D = {
						CreatedOnToolsVersion = 6.0;
						TestTargetID = E73857D71A68EB20003D864D;
					};
				};
			};
			buildConfigurationList = E73857D31A68EB20003D864D /* Build configuration list for PBXProject "ChatInputToolBar" */;
			compatibilityVersion = "Xcode 3.2";
			developmentRegion = English;
			hasScannedForEncodings = 0;
			knownRegions = (
				en,
				Base,
				"zh-Hans",
			);
			mainGroup = E73857CF1A68EB20003D864D;
			productRefGroup = E73857D91A68EB20003D864D /* Products */;
			projectDirPath = "";
			projectRoot = "";
			targets = (
				E73857D71A68EB20003D864D /* ChatInputToolBar */,
				E73857F01A68EB20003D864D /* ChatInputToolBarTests */,
			);
		};
/* End PBXProject section */

/* Begin PBXResourcesBuildPhase section */
		E73857D61A68EB20003D864D /* Resources */ = {
			isa = PBXResourcesBuildPhase;
			buildActionMask = 2147483647;
			files = (
				E7E401EE1A84B62E00919234 /* chat_input_action_buttonHL@2x.png in Resources */,
				E7E401FF1A84B62E00919234 /* chat_record_bg@3x.png in Resources */,
				E7E401ED1A84B62E00919234 /* chat_input_action_button@3x.png in Resources */,
				E7E401F61A84B62E00919234 /* chat_input_keyboard_button@3x.png in Resources */,
				E7E402001A84B62E00919234 /* chat_record_selected_bg@2x.png in Resources */,
				E73857E71A68EB20003D864D /* Main.storyboard in Resources */,
				E7E401FD1A84B62E00919234 /* chat_more_bg@2x.png in Resources */,
				E7E401F11A84B62E00919234 /* chat_input_emo_button@2x.png in Resources */,
				E7E401F21A84B62E00919234 /* chat_input_emo_button@3x.png in Resources */,
				E7E401FE1A84B62E00919234 /* chat_record_bg@2x.png in Resources */,
				E7E401FC1A84B62E00919234 /* chat_input_voice_buttonHL@3x.png in Resources */,
				E7E401EC1A84B62E00919234 /* chat_input_action_button@2x.png in Resources */,
				E73857EC1A68EB20003D864D /* LaunchScreen.xib in Resources */,
				E7E401F91A84B62E00919234 /* chat_input_voice_button@2x.png in Resources */,
				E7E401F01A84B62E00919234 /* chat_input_bg@2x.png in Resources */,
				E7E401F41A84B62E00919234 /* chat_input_emo_buttonHL@3x.png in Resources */,
				E73857E91A68EB20003D864D /* Images.xcassets in Resources */,
				E7E401FB1A84B62E00919234 /* chat_input_voice_buttonHL@2x.png in Resources */,
				E7E402011A84B62E00919234 /* chat_record_selected_bg@3x.png in Resources */,
				E7E401F51A84B62E00919234 /* chat_input_keyboard_button@2x.png in Resources */,
				E7E401F31A84B62E00919234 /* chat_input_emo_buttonHL@2x.png in Resources */,
				E7E401F81A84B62E00919234 /* chat_input_keyboard_buttonHL@3x.png in Resources */,
				E7E401FA1A84B62E00919234 /* chat_input_voice_button@3x.png in Resources */,
				E7E401EF1A84B62E00919234 /* chat_input_action_buttonHL@3x.png in Resources */,
				E7E401F71A84B62E00919234 /* chat_input_keyboard_buttonHL@2x.png in Resources */,
				E71854E41A822D93001FBAD7 /* bg.jpg in Resources */,
			);
			runOnlyForDeploymentPostprocessing = 0;
		};
		E73857EF1A68EB20003D864D /* Resources */ = {
			isa = PBXResourcesBuildPhase;
			buildActionMask = 2147483647;
			files = (
			);
			runOnlyForDeploymentPostprocessing = 0;
		};
/* End PBXResourcesBuildPhase section */

/* Begin PBXSourcesBuildPhase section */
		E73857D41A68EB20003D864D /* Sources */ = {
			isa = PBXSourcesBuildPhase;
			buildActionMask = 2147483647;
			files = (
				E7E401D11A84ABCC00919234 /* LTZInputToolBar.m in Sources */,
				E7E401D41A84ABCC00919234 /* LTZMoreInputView.m in Sources */,
				E7E401CF1A84ABCC00919234 /* LTZInputTextView.m in Sources */,
				E7E401D21A84ABCC00919234 /* LTZInputToolBarConstraints.m in Sources */,
				E7E401D01A84ABCC00919234 /* LTZInputTool.m in Sources */,
				E7E401D31A84ABCC00919234 /* LTZKeyboardController.m in Sources */,
				E7BAAF8A1A87A60A007BF116 /* LTZMoreInputItemView.m in Sources */,
				E7E401CC1A84ABCC00919234 /* LTZExpressionInputView.m in Sources */,
				E73857E41A68EB20003D864D /* ViewController.m in Sources */,
				E73857E11A68EB20003D864D /* AppDelegate.m in Sources */,
				E7E401CE1A84ABCC00919234 /* LTZTextViewInternal.m in Sources */,
				E7E401CD1A84ABCC00919234 /* LTZGrowingTextView.m in Sources */,
				E73857DE1A68EB20003D864D /* main.m in Sources */,
				E7E402041A84B66800919234 /* LTZMoreInputItem.m in Sources */,
			);
			runOnlyForDeploymentPostprocessing = 0;
		};
		E73857ED1A68EB20003D864D /* Sources */ = {
			isa = PBXSourcesBuildPhase;
			buildActionMask = 2147483647;
			files = (
				E73857F81A68EB20003D864D /* ChatInputToolBarTests.m in Sources */,
			);
			runOnlyForDeploymentPostprocessing = 0;
		};
/* End PBXSourcesBuildPhase section */

/* Begin PBXTargetDependency section */
		E73857F31A68EB20003D864D /* PBXTargetDependency */ = {
			isa = PBXTargetDependency;
			target = E73857D71A68EB20003D864D /* ChatInputToolBar */;
			targetProxy = E73857F21A68EB20003D864D /* PBXContainerItemProxy */;
		};
/* End PBXTargetDependency section */

/* Begin PBXVariantGroup section */
		E73857E51A68EB20003D864D /* Main.storyboard */ = {
			isa = PBXVariantGroup;
			children = (
				E73857E61A68EB20003D864D /* Base */,
				E7E4013F1A846DAA00919234 /* zh-Hans */,
			);
			name = Main.storyboard;
			sourceTree = "<group>";
		};
		E73857EA1A68EB20003D864D /* LaunchScreen.xib */ = {
			isa = PBXVariantGroup;
			children = (
				E73857EB1A68EB20003D864D /* Base */,
				E7E401401A846DAA00919234 /* zh-Hans */,
			);
			name = LaunchScreen.xib;
			sourceTree = "<group>";
		};
/* End PBXVariantGroup section */

/* Begin XCBuildConfiguration section */
		E73857F91A68EB20003D864D /* Debug */ = {
			isa = XCBuildConfiguration;
			buildSettings = {
				ALWAYS_SEARCH_USER_PATHS = NO;
				CLANG_CXX_LANGUAGE_STANDARD = "gnu++0x";
				CLANG_CXX_LIBRARY = "libc++";
				CLANG_ENABLE_MODULES = YES;
				CLANG_ENABLE_OBJC_ARC = YES;
				CLANG_WARN_BOOL_CONVERSION = YES;
				CLANG_WARN_CONSTANT_CONVERSION = YES;
				CLANG_WARN_DIRECT_OBJC_ISA_USAGE = YES_ERROR;
				CLANG_WARN_EMPTY_BODY = YES;
				CLANG_WARN_ENUM_CONVERSION = YES;
				CLANG_WARN_INT_CONVERSION = YES;
				CLANG_WARN_OBJC_ROOT_CLASS = YES_ERROR;
				CLANG_WARN_UNREACHABLE_CODE = YES;
				CLANG_WARN__DUPLICATE_METHOD_MATCH = YES;
				"CODE_SIGN_IDENTITY[sdk=iphoneos*]" = "iPhone Developer";
				COPY_PHASE_STRIP = NO;
				ENABLE_STRICT_OBJC_MSGSEND = YES;
				GCC_C_LANGUAGE_STANDARD = gnu99;
				GCC_DYNAMIC_NO_PIC = NO;
				GCC_OPTIMIZATION_LEVEL = 0;
				GCC_PREPROCESSOR_DEFINITIONS = (
					"DEBUG=1",
					"$(inherited)",
				);
				GCC_SYMBOLS_PRIVATE_EXTERN = NO;
				GCC_WARN_64_TO_32_BIT_CONVERSION = YES;
				GCC_WARN_ABOUT_RETURN_TYPE = YES_ERROR;
				GCC_WARN_UNDECLARED_SELECTOR = YES;
				GCC_WARN_UNINITIALIZED_AUTOS = YES_AGGRESSIVE;
				GCC_WARN_UNUSED_FUNCTION = YES;
				GCC_WARN_UNUSED_VARIABLE = YES;
				IPHONEOS_DEPLOYMENT_TARGET = 8.0;
				MTL_ENABLE_DEBUG_INFO = YES;
				ONLY_ACTIVE_ARCH = YES;
				SDKROOT = iphoneos;
			};
			name = Debug;
		};
		E73857FA1A68EB20003D864D /* Release */ = {
			isa = XCBuildConfiguration;
			buildSettings = {
				ALWAYS_SEARCH_USER_PATHS = NO;
				CLANG_CXX_LANGUAGE_STANDARD = "gnu++0x";
				CLANG_CXX_LIBRARY = "libc++";
				CLANG_ENABLE_MODULES = YES;
				CLANG_ENABLE_OBJC_ARC = YES;
				CLANG_WARN_BOOL_CONVERSION = YES;
				CLANG_WARN_CONSTANT_CONVERSION = YES;
				CLANG_WARN_DIRECT_OBJC_ISA_USAGE = YES_ERROR;
				CLANG_WARN_EMPTY_BODY = YES;
				CLANG_WARN_ENUM_CONVERSION = YES;
				CLANG_WARN_INT_CONVERSION = YES;
				CLANG_WARN_OBJC_ROOT_CLASS = YES_ERROR;
				CLANG_WARN_UNREACHABLE_CODE = YES;
				CLANG_WARN__DUPLICATE_METHOD_MATCH = YES;
				"CODE_SIGN_IDENTITY[sdk=iphoneos*]" = "iPhone Developer";
				COPY_PHASE_STRIP = YES;
				ENABLE_NS_ASSERTIONS = NO;
				ENABLE_STRICT_OBJC_MSGSEND = YES;
				GCC_C_LANGUAGE_STANDARD = gnu99;
				GCC_WARN_64_TO_32_BIT_CONVERSION = YES;
				GCC_WARN_ABOUT_RETURN_TYPE = YES_ERROR;
				GCC_WARN_UNDECLARED_SELECTOR = YES;
				GCC_WARN_UNINITIALIZED_AUTOS = YES_AGGRESSIVE;
				GCC_WARN_UNUSED_FUNCTION = YES;
				GCC_WARN_UNUSED_VARIABLE = YES;
				IPHONEOS_DEPLOYMENT_TARGET = 8.0;
				MTL_ENABLE_DEBUG_INFO = NO;
				SDKROOT = iphoneos;
				VALIDATE_PRODUCT = YES;
			};
			name = Release;
		};
		E73857FC1A68EB20003D864D /* Debug */ = {
			isa = XCBuildConfiguration;
			buildSettings = {
				ASSETCATALOG_COMPILER_APPICON_NAME = AppIcon;
				INFOPLIST_FILE = ChatInputToolBar/Info.plist;
				IPHONEOS_DEPLOYMENT_TARGET = 6.0;
				LD_RUNPATH_SEARCH_PATHS = "$(inherited) @executable_path/Frameworks";
				PRODUCT_NAME = "$(TARGET_NAME)";
			};
			name = Debug;
		};
		E73857FD1A68EB20003D864D /* Release */ = {
			isa = XCBuildConfiguration;
			buildSettings = {
				ASSETCATALOG_COMPILER_APPICON_NAME = AppIcon;
				INFOPLIST_FILE = ChatInputToolBar/Info.plist;
				IPHONEOS_DEPLOYMENT_TARGET = 6.0;
				LD_RUNPATH_SEARCH_PATHS = "$(inherited) @executable_path/Frameworks";
				PRODUCT_NAME = "$(TARGET_NAME)";
			};
			name = Release;
		};
		E73857FF1A68EB20003D864D /* Debug */ = {
			isa = XCBuildConfiguration;
			buildSettings = {
				BUNDLE_LOADER = "$(TEST_HOST)";
				FRAMEWORK_SEARCH_PATHS = (
					"$(SDKROOT)/Developer/Library/Frameworks",
					"$(inherited)",
				);
				GCC_PREPROCESSOR_DEFINITIONS = (
					"DEBUG=1",
					"$(inherited)",
				);
				INFOPLIST_FILE = ChatInputToolBarTests/Info.plist;
				LD_RUNPATH_SEARCH_PATHS = "$(inherited) @executable_path/Frameworks @loader_path/Frameworks";
				PRODUCT_NAME = "$(TARGET_NAME)";
				TEST_HOST = "$(BUILT_PRODUCTS_DIR)/ChatInputToolBar.app/ChatInputToolBar";
			};
			name = Debug;
		};
		E73858001A68EB20003D864D /* Release */ = {
			isa = XCBuildConfiguration;
			buildSettings = {
				BUNDLE_LOADER = "$(TEST_HOST)";
				FRAMEWORK_SEARCH_PATHS = (
					"$(SDKROOT)/Developer/Library/Frameworks",
					"$(inherited)",
				);
				INFOPLIST_FILE = ChatInputToolBarTests/Info.plist;
				LD_RUNPATH_SEARCH_PATHS = "$(inherited) @executable_path/Frameworks @loader_path/Frameworks";
				PRODUCT_NAME = "$(TARGET_NAME)";
				TEST_HOST = "$(BUILT_PRODUCTS_DIR)/ChatInputToolBar.app/ChatInputToolBar";
			};
			name = Release;
		};
/* End XCBuildConfiguration section */

/* Begin XCConfigurationList section */
		E73857D31A68EB20003D864D /* Build configuration list for PBXProject "ChatInputToolBar" */ = {
			isa = XCConfigurationList;
			buildConfigurations = (
				E73857F91A68EB20003D864D /* Debug */,
				E73857FA1A68EB20003D864D /* Release */,
			);
			defaultConfigurationIsVisible = 0;
			defaultConfigurationName = Release;
		};
		E73857FB1A68EB20003D864D /* Build configuration list for PBXNativeTarget "ChatInputToolBar" */ = {
			isa = XCConfigurationList;
			buildConfigurations = (
				E73857FC1A68EB20003D864D /* Debug */,
				E73857FD1A68EB20003D864D /* Release */,
			);
			defaultConfigurationIsVisible = 0;
			defaultConfigurationName = Release;
		};
		E73857FE1A68EB20003D864D /* Build configuration list for PBXNativeTarget "ChatInputToolBarTests" */ = {
			isa = XCConfigurationList;
			buildConfigurations = (
				E73857FF1A68EB20003D864D /* Debug */,
				E73858001A68EB20003D864D /* Release */,
			);
			defaultConfigurationIsVisible = 0;
			defaultConfigurationName = Release;
		};
/* End XCConfigurationList section */
	};
	rootObject = E73857D01A68EB20003D864D /* Project object */;
}
